
Microsoft Visual Studio Solution File, Format Version 12.00
# Visual Studio 2017
Project("{FAE04EC0-301F-11D3-BF4B-00C04F79EFBC}") = "WelcomeToTheHouse", "WelcomeToTheHouse.csproj", "{16ECE861-1EBC-F05A-23D7-29D0D8DA4930}"
EndProject
Project("{FAE04EC0-301F-11D3-BF4B-00C04F79EFBC}") = "WelcomeToTheHouse.Editor", "WelcomeToTheHouse.Editor.csproj", "{F6524A38-0240-3AF7-719C-D32CA63CC2C3}"
EndProject
Global
	GlobalSection(SolutionConfigurationPlatforms) = preSolution
		Debug|Any CPU = Debug|Any CPU
		Release|Any CPU = Release|Any CPU
	EndGlobalSection
	GlobalSection(ProjectConfigurationPlatforms) = postSolution
		{16ECE861-1EBC-F05A-23D7-29D0D8DA4930}.Debug|Any CPU.ActiveCfg = Debug|Any CPU
		{16ECE861-1EBC-F05A-23D7-29D0D8DA4930}.Debug|Any CPU.Build.0 = Debug|Any CPU
		{16ECE861-1EBC-F05A-23D7-29D0D8DA4930}.Release|Any CPU.ActiveCfg = Release|Any CPU
		{16ECE861-1EBC-F05A-23D7-29D0D8DA4930}.Release|Any CPU.Build.0 = Release|Any CPU
		{F6524A38-0240-3AF7-719C-D32CA63CC2C3}.Debug|Any CPU.ActiveCfg = Debug|Any CPU
		{F6524A38-0240-3AF7-719C-D32CA63CC2C3}.Debug|Any CPU.Build.0 = Debug|Any CPU
		{F6524A38-0240-3AF7-719C-D32CA63CC2C3}.Release|Any CPU.ActiveCfg = Release|Any CPU
		{F6524A38-0240-3AF7-719C-D32CA63CC2C3}.Release|Any CPU.Build.0 = Release|Any CPU
	EndGlobalSection
	GlobalSection(SolutionProperties) = preSolution
		HideSolutionNode = FALSE
	EndGlobalSection
EndGlobal
