
Microsoft Visual Studio Solution File, Format Version 12.00
# Visual Studio 15
Project("{FAE04EC0-301F-11D3-BF4B-00C04F79EFBC}") = "WelcomeToTheHouse1", "WelcomeToTheHouse1.csproj", "{CD1DD2FC-B205-934D-4396-5A20DDBBFEFA}"
EndProject
Project("{FAE04EC0-301F-11D3-BF4B-00C04F79EFBC}") = "WelcomeToTheHouse1.Editor", "WelcomeToTheHouse1.Editor.csproj", "{DC4F7F79-F29D-1EF9-1CD7-B1E2D0DE8379}"
EndProject
Global
	GlobalSection(SolutionConfigurationPlatforms) = preSolution
		Debug|Any CPU = Debug|Any CPU
		Release|Any CPU = Release|Any CPU
	EndGlobalSection
	GlobalSection(ProjectConfigurationPlatforms) = postSolution
		{CD1DD2FC-B205-934D-4396-5A20DDBBFEFA}.Debug|Any CPU.ActiveCfg = Debug|Any CPU
		{CD1DD2FC-B205-934D-4396-5A20DDBBFEFA}.Debug|Any CPU.Build.0 = Debug|Any CPU
		{CD1DD2FC-B205-934D-4396-5A20DDBBFEFA}.Release|Any CPU.ActiveCfg = Release|Any CPU
		{CD1DD2FC-B205-934D-4396-5A20DDBBFEFA}.Release|Any CPU.Build.0 = Release|Any CPU
		{DC4F7F79-F29D-1EF9-1CD7-B1E2D0DE8379}.Debug|Any CPU.ActiveCfg = Debug|Any CPU
		{DC4F7F79-F29D-1EF9-1CD7-B1E2D0DE8379}.Debug|Any CPU.Build.0 = Debug|Any CPU
		{DC4F7F79-F29D-1EF9-1CD7-B1E2D0DE8379}.Release|Any CPU.ActiveCfg = Release|Any CPU
		{DC4F7F79-F29D-1EF9-1CD7-B1E2D0DE8379}.Release|Any CPU.Build.0 = Release|Any CPU
	EndGlobalSection
	GlobalSection(SolutionProperties) = preSolution
		HideSolutionNode = FALSE
	EndGlobalSection
EndGlobal
